Microsoft Visual Studio Solution File, Format Version 12.00
# Visual Studio Version 17
VisualStudioVersion = 17.5.2.0
MinimumVisualStudioVersion = 10.0.40219.1
Project("{2150E333-8FDC-42A3-9474-1A3956D46DE8}") = "projetos", "projetos", "{B5B78941-DB64-234E-0DB9-C8381A1CFFBB}"
EndProject
Project("{FAE04EC0-301F-11D3-BF4B-00C04F79EFBC}") = "balta_io", "projetos\balta_io\balta_io.csproj", "{2BBA01B5-798A-3677-BD1E-2D767A90C1DC}"
EndProject
Global
	GlobalSection(SolutionConfigurationPlatforms) = preSolution
		Debug|Any CPU = Debug|Any CPU
		Release|Any CPU = Release|Any CPU
	EndGlobalSection
	GlobalSection(ProjectConfigurationPlatforms) = postSolution
		{2BBA01B5-798A-3677-BD1E-2D767A90C1DC}.Debug|Any CPU.ActiveCfg = Debug|Any CPU
		{2BBA01B5-798A-3677-BD1E-2D767A90C1DC}.Debug|Any CPU.Build.0 = Debug|Any CPU
		{2BBA01B5-798A-3677-BD1E-2D767A90C1DC}.Release|Any CPU.ActiveCfg = Release|Any CPU
		{2BBA01B5-798A-3677-BD1E-2D767A90C1DC}.Release|Any CPU.Build.0 = Release|Any CPU
	EndGlobalSection
	GlobalSection(SolutionProperties) = preSolution
		HideSolutionNode = FALSE
	EndGlobalSection
	GlobalSection(NestedProjects) = preSolution
		{2BBA01B5-798A-3677-BD1E-2D767A90C1DC} = {B5B78941-DB64-234E-0DB9-C8381A1CFFBB}
	EndGlobalSection
	GlobalSection(ExtensibilityGlobals) = postSolution
		SolutionGuid = {45A10CFF-48B6-41B6-A30E-12B10CFC48BC}
	EndGlobalSection
EndGlobal
