
Microsoft Visual Studio Solution File, Format Version 12.00
# Visual Studio Version 17
VisualStudioVersion = 17.13.35931.197 d17.13
MinimumVisualStudioVersion = 10.0.40219.1
Project("{FAE04EC0-301F-11D3-BF4B-00C04F79EFBC}") = "EditorHtmlWindowsForms", "EditorHtmlWindowsForms.csproj", "{A7406406-1EFF-7A61-6D6D-265D6BBFC2EF}"
EndProject
Global
	GlobalSection(SolutionConfigurationPlatforms) = preSolution
		Debug|Any CPU = Debug|Any CPU
		Release|Any CPU = Release|Any CPU
	EndGlobalSection
	GlobalSection(ProjectConfigurationPlatforms) = postSolution
		{A7406406-1EFF-7A61-6D6D-265D6BBFC2EF}.Debug|Any CPU.ActiveCfg = Debug|Any CPU
		{A7406406-1EFF-7A61-6D6D-265D6BBFC2EF}.Debug|Any CPU.Build.0 = Debug|Any CPU
		{A7406406-1EFF-7A61-6D6D-265D6BBFC2EF}.Release|Any CPU.ActiveCfg = Release|Any CPU
		{A7406406-1EFF-7A61-6D6D-265D6BBFC2EF}.Release|Any CPU.Build.0 = Release|Any CPU
	EndGlobalSection
	GlobalSection(SolutionProperties) = preSolution
		HideSolutionNode = FALSE
	EndGlobalSection
	GlobalSection(ExtensibilityGlobals) = postSolution
		SolutionGuid = {DED64D25-A654-4834-AA4D-F4FD2907104B}
	EndGlobalSection
EndGlobal
