
Microsoft Visual Studio Solution File, Format Version 12.00
# Visual Studio Version 17
VisualStudioVersion = 17.13.35825.156 d17.13
MinimumVisualStudioVersion = 10.0.40219.1
Project("{FAE04EC0-301F-11D3-BF4B-00C04F79EFBC}") = "TextEditorWindowsForms", "TextEditorWindowsForms.csproj", "{ACE94C49-EF65-4420-8F74-CFBE1239B19A}"
EndProject
Global
	GlobalSection(SolutionConfigurationPlatforms) = preSolution
		Debug|Any CPU = Debug|Any CPU
		Release|Any CPU = Release|Any CPU
	EndGlobalSection
	GlobalSection(ProjectConfigurationPlatforms) = postSolution
		{ACE94C49-EF65-4420-8F74-CFBE1239B19A}.Debug|Any CPU.ActiveCfg = Debug|Any CPU
		{ACE94C49-EF65-4420-8F74-CFBE1239B19A}.Debug|Any CPU.Build.0 = Debug|Any CPU
		{ACE94C49-EF65-4420-8F74-CFBE1239B19A}.Release|Any CPU.ActiveCfg = Release|Any CPU
		{ACE94C49-EF65-4420-8F74-CFBE1239B19A}.Release|Any CPU.Build.0 = Release|Any CPU
	EndGlobalSection
	GlobalSection(SolutionProperties) = preSolution
		HideSolutionNode = FALSE
	EndGlobalSection
	GlobalSection(ExtensibilityGlobals) = postSolution
		SolutionGuid = {5EF404AA-A745-4272-93BC-1F1E6AB1A945}
	EndGlobalSection
EndGlobal
