Microsoft Visual Studio Solution File, Format Version 12.00
# Visual Studio Version 17
VisualStudioVersion = 17.5.2.0
MinimumVisualStudioVersion = 10.0.40219.1
Project("{FAE04EC0-301F-11D3-BF4B-00C04F79EFBC}") = "LazyThread", "LazyThread.csproj", "{8B7ECFAF-1F28-8124-BD41-55248E0BB672}"
EndProject
Global
	GlobalSection(SolutionConfigurationPlatforms) = preSolution
		Debug|Any CPU = Debug|Any CPU
		Release|Any CPU = Release|Any CPU
	EndGlobalSection
	GlobalSection(ProjectConfigurationPlatforms) = postSolution
		{8B7ECFAF-1F28-8124-BD41-55248E0BB672}.Debug|Any CPU.ActiveCfg = Debug|Any CPU
		{8B7ECFAF-1F28-8124-BD41-55248E0BB672}.Debug|Any CPU.Build.0 = Debug|Any CPU
		{8B7ECFAF-1F28-8124-BD41-55248E0BB672}.Release|Any CPU.ActiveCfg = Release|Any CPU
		{8B7ECFAF-1F28-8124-BD41-55248E0BB672}.Release|Any CPU.Build.0 = Release|Any CPU
	EndGlobalSection
	GlobalSection(SolutionProperties) = preSolution
		HideSolutionNode = FALSE
	EndGlobalSection
	GlobalSection(ExtensibilityGlobals) = postSolution
		SolutionGuid = {B766A583-1342-4E81-9E34-235EFE3F0B5F}
	EndGlobalSection
EndGlobal
